// !$*UTF8*$!
{
	archiveVersion = 1;
	classes = {
	};
	objectVersion = 46;
	objects = {

/* Begin PBXBuildFile section */
		00D915E40FB7D79B71310736 /* Pods_iWatchman.framework in Frameworks */ = {isa = PBXBuildFile; fileRef = F38A176E375109DB193BDAA4 /* Pods_iWatchman.framework */; };
		70430501577354EF0E47A920 /* Pods_iWatchmanTests.framework in Frameworks */ = {isa = PBXBuildFile; fileRef = 65CF79D05BC533006EC4B288 /* Pods_iWatchmanTests.framework */; };
		90250E8D1E83BBB900115514 /* AllCameraEventsCollectionViewController.swift in Sources */ = {isa = PBXBuildFile; fileRef = 90250E891E83BBB900115514 /* AllCameraEventsCollectionViewController.swift */; };
		90250E8E1E83BBB900115514 /* CameraEventCollectionViewCell.swift in Sources */ = {isa = PBXBuildFile; fileRef = 90250E8A1E83BBB900115514 /* CameraEventCollectionViewCell.swift */; };
		90250E8F1E83BBB900115514 /* CameraEventCollectionViewCell.xib in Resources */ = {isa = PBXBuildFile; fileRef = 90250E8B1E83BBB900115514 /* CameraEventCollectionViewCell.xib */; };
		90250E901E83BBB900115514 /* UIColor+CustomColor.swift in Sources */ = {isa = PBXBuildFile; fileRef = 90250E8C1E83BBB900115514 /* UIColor+CustomColor.swift */; };
		906B93C71E590B1000E2D1E2 /* AppDelegate.swift in Sources */ = {isa = PBXBuildFile; fileRef = 906B93C61E590B1000E2D1E2 /* AppDelegate.swift */; };
		906B93C91E590B1000E2D1E2 /* AllCameraEventsViewController.swift in Sources */ = {isa = PBXBuildFile; fileRef = 906B93C81E590B1000E2D1E2 /* AllCameraEventsViewController.swift */; };
		906B93CC1E590B1000E2D1E2 /* Main.storyboard in Resources */ = {isa = PBXBuildFile; fileRef = 906B93CA1E590B1000E2D1E2 /* Main.storyboard */; };
		906B93CE1E590B1000E2D1E2 /* Assets.xcassets in Resources */ = {isa = PBXBuildFile; fileRef = 906B93CD1E590B1000E2D1E2 /* Assets.xcassets */; };
		906B93D11E590B1000E2D1E2 /* LaunchScreen.storyboard in Resources */ = {isa = PBXBuildFile; fileRef = 906B93CF1E590B1000E2D1E2 /* LaunchScreen.storyboard */; };
		906B93DC1E590B1000E2D1E2 /* iWatchmanTests.swift in Sources */ = {isa = PBXBuildFile; fileRef = 906B93DB1E590B1000E2D1E2 /* iWatchmanTests.swift */; };
		906B93E71E590B1000E2D1E2 /* iWatchmanUITests.swift in Sources */ = {isa = PBXBuildFile; fileRef = 906B93E61E590B1000E2D1E2 /* iWatchmanUITests.swift */; };
		906B94331E5A0EAF00E2D1E2 /* CameraEventCell.swift in Sources */ = {isa = PBXBuildFile; fileRef = 906B94321E5A0EAF00E2D1E2 /* CameraEventCell.swift */; };
		906B94711E5AB3B600E2D1E2 /* CameraEventDetailViewController.swift in Sources */ = {isa = PBXBuildFile; fileRef = 906B94701E5AB3B600E2D1E2 /* CameraEventDetailViewController.swift */; };
		90F9A29E1E7DC6D5005C5446 /* Event.swift in Sources */ = {isa = PBXBuildFile; fileRef = 90F9A29D1E7DC6D5005C5446 /* Event.swift */; };
		90F9A2A01E7E2B5B005C5446 /* DataManager.swift in Sources */ = {isa = PBXBuildFile; fileRef = 90F9A29F1E7E2B5B005C5446 /* DataManager.swift */; };
		E5F61D04B0BB1D45D105DC05 /* Pods_iWatchmanUITests.framework in Frameworks */ = {isa = PBXBuildFile; fileRef = 966104EECE59ACE5F0CBF2D6 /* Pods_iWatchmanUITests.framework */; };
/* End PBXBuildFile section */

/* Begin PBXContainerItemProxy section */
		906B93D81E590B1000E2D1E2 /* PBXContainerItemProxy */ = {
			isa = PBXContainerItemProxy;
			containerPortal = 906B93BB1E590B1000E2D1E2 /* Project object */;
			proxyType = 1;
			remoteGlobalIDString = 906B93C21E590B1000E2D1E2;
			remoteInfo = iWatchman;
		};
		906B93E31E590B1000E2D1E2 /* PBXContainerItemProxy */ = {
			isa = PBXContainerItemProxy;
			containerPortal = 906B93BB1E590B1000E2D1E2 /* Project object */;
			proxyType = 1;
			remoteGlobalIDString = 906B93C21E590B1000E2D1E2;
			remoteInfo = iWatchman;
		};
/* End PBXContainerItemProxy section */

/* Begin PBXFileReference section */
		1B857B4B1050AF0A6528C403 /* Pods-iWatchmanTests.release.xcconfig */ = {isa = PBXFileReference; includeInIndex = 1; lastKnownFileType = text.xcconfig; name = "Pods-iWatchmanTests.release.xcconfig"; path = "Pods/Target Support Files/Pods-iWatchmanTests/Pods-iWatchmanTests.release.xcconfig"; sourceTree = "<group>"; };
		306606AE396ADDADA692926F /* Pods-iWatchmanTests.debug.xcconfig */ = {isa = PBXFileReference; includeInIndex = 1; lastKnownFileType = text.xcconfig; name = "Pods-iWatchmanTests.debug.xcconfig"; path = "Pods/Target Support Files/Pods-iWatchmanTests/Pods-iWatchmanTests.debug.xcconfig"; sourceTree = "<group>"; };
		65CF79D05BC533006EC4B288 /* Pods_iWatchmanTests.framework */ = {isa = PBXFileReference; explicitFileType = wrapper.framework; includeInIndex = 0; path = Pods_iWatchmanTests.framework; sourceTree = BUILT_PRODUCTS_DIR; };
		8AE432471FEE1EA30E74C6BD /* Pods-iWatchmanUITests.debug.xcconfig */ = {isa = PBXFileReference; includeInIndex = 1; lastKnownFileType = text.xcconfig; name = "Pods-iWatchmanUITests.debug.xcconfig"; path = "Pods/Target Support Files/Pods-iWatchmanUITests/Pods-iWatchmanUITests.debug.xcconfig"; sourceTree = "<group>"; };
		8B85626851EDA323CED6EAFE /* Pods-iWatchman.debug.xcconfig */ = {isa = PBXFileReference; includeInIndex = 1; lastKnownFileType = text.xcconfig; name = "Pods-iWatchman.debug.xcconfig"; path = "Pods/Target Support Files/Pods-iWatchman/Pods-iWatchman.debug.xcconfig"; sourceTree = "<group>"; };
		90250E881E83834F00115514 /* iWatchman.entitlements */ = {isa = PBXFileReference; lastKnownFileType = text.plist.entitlements; path = iWatchman.entitlements; sourceTree = "<group>"; };
		90250E891E83BBB900115514 /* AllCameraEventsCollectionViewController.swift */ = {isa = PBXFileReference; fileEncoding = 4; lastKnownFileType = sourcecode.swift; path = AllCameraEventsCollectionViewController.swift; sourceTree = "<group>"; };
		90250E8A1E83BBB900115514 /* CameraEventCollectionViewCell.swift */ = {isa = PBXFileReference; fileEncoding = 4; lastKnownFileType = sourcecode.swift; path = CameraEventCollectionViewCell.swift; sourceTree = "<group>"; };
		90250E8B1E83BBB900115514 /* CameraEventCollectionViewCell.xib */ = {isa = PBXFileReference; fileEncoding = 4; lastKnownFileType = file.xib; path = CameraEventCollectionViewCell.xib; sourceTree = "<group>"; };
		90250E8C1E83BBB900115514 /* UIColor+CustomColor.swift */ = {isa = PBXFileReference; fileEncoding = 4; lastKnownFileType = sourcecode.swift; path = "UIColor+CustomColor.swift"; sourceTree = "<group>"; };
		906B93C31E590B1000E2D1E2 /* iWatchman.app */ = {isa = PBXFileReference; explicitFileType = wrapper.application; includeInIndex = 0; path = iWatchman.app; sourceTree = BUILT_PRODUCTS_DIR; };
		906B93C61E590B1000E2D1E2 /* AppDelegate.swift */ = {isa = PBXFileReference; lastKnownFileType = sourcecode.swift; path = AppDelegate.swift; sourceTree = "<group>"; };
		906B93C81E590B1000E2D1E2 /* AllCameraEventsViewController.swift */ = {isa = PBXFileReference; lastKnownFileType = sourcecode.swift; path = AllCameraEventsViewController.swift; sourceTree = "<group>"; };
		906B93CB1E590B1000E2D1E2 /* Base */ = {isa = PBXFileReference; lastKnownFileType = file.storyboard; name = Base; path = Base.lproj/Main.storyboard; sourceTree = "<group>"; };
		906B93CD1E590B1000E2D1E2 /* Assets.xcassets */ = {isa = PBXFileReference; lastKnownFileType = folder.assetcatalog; path = Assets.xcassets; sourceTree = "<group>"; };
		906B93D01E590B1000E2D1E2 /* Base */ = {isa = PBXFileReference; lastKnownFileType = file.storyboard; name = Base; path = Base.lproj/LaunchScreen.storyboard; sourceTree = "<group>"; };
		906B93D21E590B1000E2D1E2 /* Info.plist */ = {isa = PBXFileReference; lastKnownFileType = text.plist.xml; path = Info.plist; sourceTree = "<group>"; };
		906B93D71E590B1000E2D1E2 /* iWatchmanTests.xctest */ = {isa = PBXFileReference; explicitFileType = wrapper.cfbundle; includeInIndex = 0; path = iWatchmanTests.xctest; sourceTree = BUILT_PRODUCTS_DIR; };
		906B93DB1E590B1000E2D1E2 /* iWatchmanTests.swift */ = {isa = PBXFileReference; lastKnownFileType = sourcecode.swift; path = iWatchmanTests.swift; sourceTree = "<group>"; };
		906B93DD1E590B1000E2D1E2 /* Info.plist */ = {isa = PBXFileReference; lastKnownFileType = text.plist.xml; path = Info.plist; sourceTree = "<group>"; };
		906B93E21E590B1000E2D1E2 /* iWatchmanUITests.xctest */ = {isa = PBXFileReference; explicitFileType = wrapper.cfbundle; includeInIndex = 0; path = iWatchmanUITests.xctest; sourceTree = BUILT_PRODUCTS_DIR; };
		906B93E61E590B1000E2D1E2 /* iWatchmanUITests.swift */ = {isa = PBXFileReference; lastKnownFileType = sourcecode.swift; path = iWatchmanUITests.swift; sourceTree = "<group>"; };
		906B93E81E590B1000E2D1E2 /* Info.plist */ = {isa = PBXFileReference; lastKnownFileType = text.plist.xml; path = Info.plist; sourceTree = "<group>"; };
		906B94321E5A0EAF00E2D1E2 /* CameraEventCell.swift */ = {isa = PBXFileReference; fileEncoding = 4; lastKnownFileType = sourcecode.swift; path = CameraEventCell.swift; sourceTree = "<group>"; };
		906B94701E5AB3B600E2D1E2 /* CameraEventDetailViewController.swift */ = {isa = PBXFileReference; fileEncoding = 4; lastKnownFileType = sourcecode.swift; path = CameraEventDetailViewController.swift; sourceTree = "<group>"; };
		90F9A29D1E7DC6D5005C5446 /* Event.swift */ = {isa = PBXFileReference; fileEncoding = 4; lastKnownFileType = sourcecode.swift; path = Event.swift; sourceTree = "<group>"; };
		90F9A29F1E7E2B5B005C5446 /* DataManager.swift */ = {isa = PBXFileReference; fileEncoding = 4; lastKnownFileType = sourcecode.swift; path = DataManager.swift; sourceTree = "<group>"; };
		966104EECE59ACE5F0CBF2D6 /* Pods_iWatchmanUITests.framework */ = {isa = PBXFileReference; explicitFileType = wrapper.framework; includeInIndex = 0; path = Pods_iWatchmanUITests.framework; sourceTree = BUILT_PRODUCTS_DIR; };
		B6310036111FA58F46B09AB1 /* Pods-iWatchman.release.xcconfig */ = {isa = PBXFileReference; includeInIndex = 1; lastKnownFileType = text.xcconfig; name = "Pods-iWatchman.release.xcconfig"; path = "Pods/Target Support Files/Pods-iWatchman/Pods-iWatchman.release.xcconfig"; sourceTree = "<group>"; };
		C049B55F7D2886EBEC4E5B4B /* Pods-iWatchmanUITests.release.xcconfig */ = {isa = PBXFileReference; includeInIndex = 1; lastKnownFileType = text.xcconfig; name = "Pods-iWatchmanUITests.release.xcconfig"; path = "Pods/Target Support Files/Pods-iWatchmanUITests/Pods-iWatchmanUITests.release.xcconfig"; sourceTree = "<group>"; };
		F38A176E375109DB193BDAA4 /* Pods_iWatchman.framework */ = {isa = PBXFileReference; explicitFileType = wrapper.framework; includeInIndex = 0; path = Pods_iWatchman.framework; sourceTree = BUILT_PRODUCTS_DIR; };
/* End PBXFileReference section */

/* Begin PBXFrameworksBuildPhase section */
		906B93C01E590B1000E2D1E2 /* Frameworks */ = {
			isa = PBXFrameworksBuildPhase;
			buildActionMask = 2147483647;
			files = (
				00D915E40FB7D79B71310736 /* Pods_iWatchman.framework in Frameworks */,
			);
			runOnlyForDeploymentPostprocessing = 0;
		};
		906B93D41E590B1000E2D1E2 /* Frameworks */ = {
			isa = PBXFrameworksBuildPhase;
			buildActionMask = 2147483647;
			files = (
				70430501577354EF0E47A920 /* Pods_iWatchmanTests.framework in Frameworks */,
			);
			runOnlyForDeploymentPostprocessing = 0;
		};
		906B93DF1E590B1000E2D1E2 /* Frameworks */ = {
			isa = PBXFrameworksBuildPhase;
			buildActionMask = 2147483647;
			files = (
				E5F61D04B0BB1D45D105DC05 /* Pods_iWatchmanUITests.framework in Frameworks */,
			);
			runOnlyForDeploymentPostprocessing = 0;
		};
/* End PBXFrameworksBuildPhase section */

/* Begin PBXGroup section */
		906B93BA1E590B1000E2D1E2 = {
			isa = PBXGroup;
			children = (
				906B93C51E590B1000E2D1E2 /* iWatchman */,
				906B93DA1E590B1000E2D1E2 /* iWatchmanTests */,
				906B93E51E590B1000E2D1E2 /* iWatchmanUITests */,
				906B93C41E590B1000E2D1E2 /* Products */,
				9EC05BB6A372EABD900C7309 /* Pods */,
				E899DB22229697ADB9ABCF25 /* Frameworks */,
			);
			sourceTree = "<group>";
		};
		906B93C41E590B1000E2D1E2 /* Products */ = {
			isa = PBXGroup;
			children = (
				906B93C31E590B1000E2D1E2 /* iWatchman.app */,
				906B93D71E590B1000E2D1E2 /* iWatchmanTests.xctest */,
				906B93E21E590B1000E2D1E2 /* iWatchmanUITests.xctest */,
			);
			name = Products;
			sourceTree = "<group>";
		};
		906B93C51E590B1000E2D1E2 /* iWatchman */ = {
			isa = PBXGroup;
			children = (
				90250E881E83834F00115514 /* iWatchman.entitlements */,
				906B93C61E590B1000E2D1E2 /* AppDelegate.swift */,
				906B93C81E590B1000E2D1E2 /* AllCameraEventsViewController.swift */,
				90250E891E83BBB900115514 /* AllCameraEventsCollectionViewController.swift */,
				90250E8A1E83BBB900115514 /* CameraEventCollectionViewCell.swift */,
				90250E8B1E83BBB900115514 /* CameraEventCollectionViewCell.xib */,
				90250E8C1E83BBB900115514 /* UIColor+CustomColor.swift */,
				90F9A29D1E7DC6D5005C5446 /* Event.swift */,
				90F9A29F1E7E2B5B005C5446 /* DataManager.swift */,
				906B94321E5A0EAF00E2D1E2 /* CameraEventCell.swift */,
				906B93CA1E590B1000E2D1E2 /* Main.storyboard */,
				906B94701E5AB3B600E2D1E2 /* CameraEventDetailViewController.swift */,
				906B93CD1E590B1000E2D1E2 /* Assets.xcassets */,
				906B93CF1E590B1000E2D1E2 /* LaunchScreen.storyboard */,
				906B93D21E590B1000E2D1E2 /* Info.plist */,
			);
			path = iWatchman;
			sourceTree = "<group>";
		};
		906B93DA1E590B1000E2D1E2 /* iWatchmanTests */ = {
			isa = PBXGroup;
			children = (
				906B93DB1E590B1000E2D1E2 /* iWatchmanTests.swift */,
				906B93DD1E590B1000E2D1E2 /* Info.plist */,
			);
			path = iWatchmanTests;
			sourceTree = "<group>";
		};
		906B93E51E590B1000E2D1E2 /* iWatchmanUITests */ = {
			isa = PBXGroup;
			children = (
				906B93E61E590B1000E2D1E2 /* iWatchmanUITests.swift */,
				906B93E81E590B1000E2D1E2 /* Info.plist */,
			);
			path = iWatchmanUITests;
			sourceTree = "<group>";
		};
		9EC05BB6A372EABD900C7309 /* Pods */ = {
			isa = PBXGroup;
			children = (
				8B85626851EDA323CED6EAFE /* Pods-iWatchman.debug.xcconfig */,
				B6310036111FA58F46B09AB1 /* Pods-iWatchman.release.xcconfig */,
				306606AE396ADDADA692926F /* Pods-iWatchmanTests.debug.xcconfig */,
				1B857B4B1050AF0A6528C403 /* Pods-iWatchmanTests.release.xcconfig */,
				8AE432471FEE1EA30E74C6BD /* Pods-iWatchmanUITests.debug.xcconfig */,
				C049B55F7D2886EBEC4E5B4B /* Pods-iWatchmanUITests.release.xcconfig */,
			);
			name = Pods;
			sourceTree = "<group>";
		};
		E899DB22229697ADB9ABCF25 /* Frameworks */ = {
			isa = PBXGroup;
			children = (
				F38A176E375109DB193BDAA4 /* Pods_iWatchman.framework */,
				65CF79D05BC533006EC4B288 /* Pods_iWatchmanTests.framework */,
				966104EECE59ACE5F0CBF2D6 /* Pods_iWatchmanUITests.framework */,
			);
			name = Frameworks;
			sourceTree = "<group>";
		};
/* End PBXGroup section */

/* Begin PBXNativeTarget section */
		906B93C21E590B1000E2D1E2 /* iWatchman */ = {
			isa = PBXNativeTarget;
			buildConfigurationList = 906B93EB1E590B1000E2D1E2 /* Build configuration list for PBXNativeTarget "iWatchman" */;
			buildPhases = (
				C7CC90949B31DDE37C36CF71 /* [CP] Check Pods Manifest.lock */,
				906B93BF1E590B1000E2D1E2 /* Sources */,
				906B93C01E590B1000E2D1E2 /* Frameworks */,
				906B93C11E590B1000E2D1E2 /* Resources */,
				D4C79427CD269F4502CB2D01 /* [CP] Embed Pods Frameworks */,
				8ACF1A02825BFAB0951886AD /* [CP] Copy Pods Resources */,
			);
			buildRules = (
			);
			dependencies = (
			);
			name = iWatchman;
			productName = iWatchman;
			productReference = 906B93C31E590B1000E2D1E2 /* iWatchman.app */;
			productType = "com.apple.product-type.application";
		};
		906B93D61E590B1000E2D1E2 /* iWatchmanTests */ = {
			isa = PBXNativeTarget;
			buildConfigurationList = 906B93EE1E590B1000E2D1E2 /* Build configuration list for PBXNativeTarget "iWatchmanTests" */;
			buildPhases = (
				7CC37E881253CE26159CBB4D /* [CP] Check Pods Manifest.lock */,
				906B93D31E590B1000E2D1E2 /* Sources */,
				906B93D41E590B1000E2D1E2 /* Frameworks */,
				906B93D51E590B1000E2D1E2 /* Resources */,
				EF57133ABE611E3212BA2511 /* [CP] Embed Pods Frameworks */,
				11F87C6BBC22B95952ECAC5E /* [CP] Copy Pods Resources */,
			);
			buildRules = (
			);
			dependencies = (
				906B93D91E590B1000E2D1E2 /* PBXTargetDependency */,
			);
			name = iWatchmanTests;
			productName = iWatchmanTests;
			productReference = 906B93D71E590B1000E2D1E2 /* iWatchmanTests.xctest */;
			productType = "com.apple.product-type.bundle.unit-test";
		};
		906B93E11E590B1000E2D1E2 /* iWatchmanUITests */ = {
			isa = PBXNativeTarget;
			buildConfigurationList = 906B93F11E590B1000E2D1E2 /* Build configuration list for PBXNativeTarget "iWatchmanUITests" */;
			buildPhases = (
				67EBC74A1F3ADC62BEF3A195 /* [CP] Check Pods Manifest.lock */,
				906B93DE1E590B1000E2D1E2 /* Sources */,
				906B93DF1E590B1000E2D1E2 /* Frameworks */,
				906B93E01E590B1000E2D1E2 /* Resources */,
				A1300FD9BB2600D10E83DA04 /* [CP] Embed Pods Frameworks */,
				E5D4D3676A6E8F7AF162267D /* [CP] Copy Pods Resources */,
			);
			buildRules = (
			);
			dependencies = (
				906B93E41E590B1000E2D1E2 /* PBXTargetDependency */,
			);
			name = iWatchmanUITests;
			productName = iWatchmanUITests;
			productReference = 906B93E21E590B1000E2D1E2 /* iWatchmanUITests.xctest */;
			productType = "com.apple.product-type.bundle.ui-testing";
		};
/* End PBXNativeTarget section */

/* Begin PBXProject section */
		906B93BB1E590B1000E2D1E2 /* Project object */ = {
			isa = PBXProject;
			attributes = {
				LastSwiftUpdateCheck = 0800;
				LastUpgradeCheck = 0820;
				ORGANIZATIONNAME = "Tejas Deshpande";
				TargetAttributes = {
					906B93C21E590B1000E2D1E2 = {
						CreatedOnToolsVersion = 8.0;
						ProvisioningStyle = Automatic;
						SystemCapabilities = {
							com.apple.Push = {
								enabled = 1;
							};
						};
					};
					906B93D61E590B1000E2D1E2 = {
						CreatedOnToolsVersion = 8.0;
						DevelopmentTeam = LLVD2YCLN9;
						ProvisioningStyle = Automatic;
						TestTargetID = 906B93C21E590B1000E2D1E2;
					};
					906B93E11E590B1000E2D1E2 = {
						CreatedOnToolsVersion = 8.0;
						DevelopmentTeam = LLVD2YCLN9;
						ProvisioningStyle = Automatic;
						TestTargetID = 906B93C21E590B1000E2D1E2;
					};
				};
			};
			buildConfigurationList = 906B93BE1E590B1000E2D1E2 /* Build configuration list for PBXProject "iWatchman" */;
			compatibilityVersion = "Xcode 3.2";
			developmentRegion = English;
			hasScannedForEncodings = 0;
			knownRegions = (
				en,
				Base,
			);
			mainGroup = 906B93BA1E590B1000E2D1E2;
			productRefGroup = 906B93C41E590B1000E2D1E2 /* Products */;
			projectDirPath = "";
			projectRoot = "";
			targets = (
				906B93C21E590B1000E2D1E2 /* iWatchman */,
				906B93D61E590B1000E2D1E2 /* iWatchmanTests */,
				906B93E11E590B1000E2D1E2 /* iWatchmanUITests */,
			);
		};
/* End PBXProject section */

/* Begin PBXResourcesBuildPhase section */
		906B93C11E590B1000E2D1E2 /* Resources */ = {
			isa = PBXResourcesBuildPhase;
			buildActionMask = 2147483647;
			files = (
				906B93D11E590B1000E2D1E2 /* LaunchScreen.storyboard in Resources */,
				906B93CE1E590B1000E2D1E2 /* Assets.xcassets in Resources */,
				906B93CC1E590B1000E2D1E2 /* Main.storyboard in Resources */,
				90250E8F1E83BBB900115514 /* CameraEventCollectionViewCell.xib in Resources */,
			);
			runOnlyForDeploymentPostprocessing = 0;
		};
		906B93D51E590B1000E2D1E2 /* Resources */ = {
			isa = PBXResourcesBuildPhase;
			buildActionMask = 2147483647;
			files = (
			);
			runOnlyForDeploymentPostprocessing = 0;
		};
		906B93E01E590B1000E2D1E2 /* Resources */ = {
			isa = PBXResourcesBuildPhase;
			buildActionMask = 2147483647;
			files = (
			);
			runOnlyForDeploymentPostprocessing = 0;
		};
/* End PBXResourcesBuildPhase section */

/* Begin PBXShellScriptBuildPhase section */
		11F87C6BBC22B95952ECAC5E /* [CP] Copy Pods Resources */ = {
			isa = PBXShellScriptBuildPhase;
			buildActionMask = 2147483647;
			files = (
			);
			inputPaths = (
			);
			name = "[CP] Copy Pods Resources";
			outputPaths = (
			);
			runOnlyForDeploymentPostprocessing = 0;
			shellPath = /bin/sh;
			shellScript = "\"${SRCROOT}/Pods/Target Support Files/Pods-iWatchmanTests/Pods-iWatchmanTests-resources.sh\"\n";
			showEnvVarsInLog = 0;
		};
		67EBC74A1F3ADC62BEF3A195 /* [CP] Check Pods Manifest.lock */ = {
			isa = PBXShellScriptBuildPhase;
			buildActionMask = 2147483647;
			files = (
			);
			inputPaths = (
			);
			name = "[CP] Check Pods Manifest.lock";
			outputPaths = (
			);
			runOnlyForDeploymentPostprocessing = 0;
			shellPath = /bin/sh;
			shellScript = "diff \"${PODS_ROOT}/../Podfile.lock\" \"${PODS_ROOT}/Manifest.lock\" > /dev/null\nif [ $? != 0 ] ; then\n    # print error to STDERR\n    echo \"error: The sandbox is not in sync with the Podfile.lock. Run 'pod install' or update your CocoaPods installation.\" >&2\n    exit 1\nfi\n";
			showEnvVarsInLog = 0;
		};
		7CC37E881253CE26159CBB4D /* [CP] Check Pods Manifest.lock */ = {
			isa = PBXShellScriptBuildPhase;
			buildActionMask = 2147483647;
			files = (
			);
			inputPaths = (
			);
			name = "[CP] Check Pods Manifest.lock";
			outputPaths = (
			);
			runOnlyForDeploymentPostprocessing = 0;
			shellPath = /bin/sh;
			shellScript = "diff \"${PODS_ROOT}/../Podfile.lock\" \"${PODS_ROOT}/Manifest.lock\" > /dev/null\nif [ $? != 0 ] ; then\n    # print error to STDERR\n    echo \"error: The sandbox is not in sync with the Podfile.lock. Run 'pod install' or update your CocoaPods installation.\" >&2\n    exit 1\nfi\n";
			showEnvVarsInLog = 0;
		};
		8ACF1A02825BFAB0951886AD /* [CP] Copy Pods Resources */ = {
			isa = PBXShellScriptBuildPhase;
			buildActionMask = 2147483647;
			files = (
			);
			inputPaths = (
			);
			name = "[CP] Copy Pods Resources";
			outputPaths = (
			);
			runOnlyForDeploymentPostprocessing = 0;
			shellPath = /bin/sh;
			shellScript = "\"${SRCROOT}/Pods/Target Support Files/Pods-iWatchman/Pods-iWatchman-resources.sh\"\n";
			showEnvVarsInLog = 0;
		};
		A1300FD9BB2600D10E83DA04 /* [CP] Embed Pods Frameworks */ = {
			isa = PBXShellScriptBuildPhase;
			buildActionMask = 2147483647;
			files = (
			);
			inputPaths = (
			);
			name = "[CP] Embed Pods Frameworks";
			outputPaths = (
			);
			runOnlyForDeploymentPostprocessing = 0;
			shellPath = /bin/sh;
			shellScript = "\"${SRCROOT}/Pods/Target Support Files/Pods-iWatchmanUITests/Pods-iWatchmanUITests-frameworks.sh\"\n";
			showEnvVarsInLog = 0;
		};
		C7CC90949B31DDE37C36CF71 /* [CP] Check Pods Manifest.lock */ = {
			isa = PBXShellScriptBuildPhase;
			buildActionMask = 2147483647;
			files = (
			);
			inputPaths = (
			);
			name = "[CP] Check Pods Manifest.lock";
			outputPaths = (
			);
			runOnlyForDeploymentPostprocessing = 0;
			shellPath = /bin/sh;
			shellScript = "diff \"${PODS_ROOT}/../Podfile.lock\" \"${PODS_ROOT}/Manifest.lock\" > /dev/null\nif [ $? != 0 ] ; then\n    # print error to STDERR\n    echo \"error: The sandbox is not in sync with the Podfile.lock. Run 'pod install' or update your CocoaPods installation.\" >&2\n    exit 1\nfi\n";
			showEnvVarsInLog = 0;
		};
		D4C79427CD269F4502CB2D01 /* [CP] Embed Pods Frameworks */ = {
			isa = PBXShellScriptBuildPhase;
			buildActionMask = 2147483647;
			files = (
			);
			inputPaths = (
			);
			name = "[CP] Embed Pods Frameworks";
			outputPaths = (
			);
			runOnlyForDeploymentPostprocessing = 0;
			shellPath = /bin/sh;
			shellScript = "\"${SRCROOT}/Pods/Target Support Files/Pods-iWatchman/Pods-iWatchman-frameworks.sh\"\n";
			showEnvVarsInLog = 0;
		};
		E5D4D3676A6E8F7AF162267D /* [CP] Copy Pods Resources */ = {
			isa = PBXShellScriptBuildPhase;
			buildActionMask = 2147483647;
			files = (
			);
			inputPaths = (
			);
			name = "[CP] Copy Pods Resources";
			outputPaths = (
			);
			runOnlyForDeploymentPostprocessing = 0;
			shellPath = /bin/sh;
			shellScript = "\"${SRCROOT}/Pods/Target Support Files/Pods-iWatchmanUITests/Pods-iWatchmanUITests-resources.sh\"\n";
			showEnvVarsInLog = 0;
		};
		EF57133ABE611E3212BA2511 /* [CP] Embed Pods Frameworks */ = {
			isa = PBXShellScriptBuildPhase;
			buildActionMask = 2147483647;
			files = (
			);
			inputPaths = (
			);
			name = "[CP] Embed Pods Frameworks";
			outputPaths = (
			);
			runOnlyForDeploymentPostprocessing = 0;
			shellPath = /bin/sh;
			shellScript = "\"${SRCROOT}/Pods/Target Support Files/Pods-iWatchmanTests/Pods-iWatchmanTests-frameworks.sh\"\n";
			showEnvVarsInLog = 0;
		};
/* End PBXShellScriptBuildPhase section */

/* Begin PBXSourcesBuildPhase section */
		906B93BF1E590B1000E2D1E2 /* Sources */ = {
			isa = PBXSourcesBuildPhase;
			buildActionMask = 2147483647;
			files = (
				90250E8E1E83BBB900115514 /* CameraEventCollectionViewCell.swift in Sources */,
				90250E901E83BBB900115514 /* UIColor+CustomColor.swift in Sources */,
				906B94711E5AB3B600E2D1E2 /* CameraEventDetailViewController.swift in Sources */,
				90F9A2A01E7E2B5B005C5446 /* DataManager.swift in Sources */,
				90250E8D1E83BBB900115514 /* AllCameraEventsCollectionViewController.swift in Sources */,
				906B94331E5A0EAF00E2D1E2 /* CameraEventCell.swift in Sources */,
				906B93C91E590B1000E2D1E2 /* AllCameraEventsViewController.swift in Sources */,
				906B93C71E590B1000E2D1E2 /* AppDelegate.swift in Sources */,
				90F9A29E1E7DC6D5005C5446 /* Event.swift in Sources */,
			);
			runOnlyForDeploymentPostprocessing = 0;
		};
		906B93D31E590B1000E2D1E2 /* Sources */ = {
			isa = PBXSourcesBuildPhase;
			buildActionMask = 2147483647;
			files = (
				906B93DC1E590B1000E2D1E2 /* iWatchmanTests.swift in Sources */,
			);
			runOnlyForDeploymentPostprocessing = 0;
		};
		906B93DE1E590B1000E2D1E2 /* Sources */ = {
			isa = PBXSourcesBuildPhase;
			buildActionMask = 2147483647;
			files = (
				906B93E71E590B1000E2D1E2 /* iWatchmanUITests.swift in Sources */,
			);
			runOnlyForDeploymentPostprocessing = 0;
		};
/* End PBXSourcesBuildPhase section */

/* Begin PBXTargetDependency section */
		906B93D91E590B1000E2D1E2 /* PBXTargetDependency */ = {
			isa = PBXTargetDependency;
			target = 906B93C21E590B1000E2D1E2 /* iWatchman */;
			targetProxy = 906B93D81E590B1000E2D1E2 /* PBXContainerItemProxy */;
		};
		906B93E41E590B1000E2D1E2 /* PBXTargetDependency */ = {
			isa = PBXTargetDependency;
			target = 906B93C21E590B1000E2D1E2 /* iWatchman */;
			targetProxy = 906B93E31E590B1000E2D1E2 /* PBXContainerItemProxy */;
		};
/* End PBXTargetDependency section */

/* Begin PBXVariantGroup section */
		906B93CA1E590B1000E2D1E2 /* Main.storyboard */ = {
			isa = PBXVariantGroup;
			children = (
				906B93CB1E590B1000E2D1E2 /* Base */,
			);
			name = Main.storyboard;
			sourceTree = "<group>";
		};
		906B93CF1E590B1000E2D1E2 /* LaunchScreen.storyboard */ = {
			isa = PBXVariantGroup;
			children = (
				906B93D01E590B1000E2D1E2 /* Base */,
			);
			name = LaunchScreen.storyboard;
			sourceTree = "<group>";
		};
/* End PBXVariantGroup section */

/* Begin XCBuildConfiguration section */
		906B93E91E590B1000E2D1E2 /* Debug */ = {
			isa = XCBuildConfiguration;
			buildSettings = {
				ALWAYS_SEARCH_USER_PATHS = NO;
				CLANG_ANALYZER_NONNULL = YES;
				CLANG_CXX_LANGUAGE_STANDARD = "gnu++0x";
				CLANG_CXX_LIBRARY = "libc++";
				CLANG_ENABLE_MODULES = YES;
				CLANG_ENABLE_OBJC_ARC = YES;
				CLANG_WARN_BOOL_CONVERSION = YES;
				CLANG_WARN_CONSTANT_CONVERSION = YES;
				CLANG_WARN_DIRECT_OBJC_ISA_USAGE = YES_ERROR;
				CLANG_WARN_DOCUMENTATION_COMMENTS = YES;
				CLANG_WARN_EMPTY_BODY = YES;
				CLANG_WARN_ENUM_CONVERSION = YES;
				CLANG_WARN_INFINITE_RECURSION = YES;
				CLANG_WARN_INT_CONVERSION = YES;
				CLANG_WARN_OBJC_ROOT_CLASS = YES_ERROR;
				CLANG_WARN_SUSPICIOUS_MOVE = YES;
				CLANG_WARN_SUSPICIOUS_MOVES = YES;
				CLANG_WARN_UNREACHABLE_CODE = YES;
				CLANG_WARN__DUPLICATE_METHOD_MATCH = YES;
				"CODE_SIGN_IDENTITY[sdk=iphoneos*]" = "iPhone Developer";
				COPY_PHASE_STRIP = NO;
				DEBUG_INFORMATION_FORMAT = dwarf;
				ENABLE_STRICT_OBJC_MSGSEND = YES;
				ENABLE_TESTABILITY = YES;
				GCC_C_LANGUAGE_STANDARD = gnu99;
				GCC_DYNAMIC_NO_PIC = NO;
				GCC_NO_COMMON_BLOCKS = YES;
				GCC_OPTIMIZATION_LEVEL = 0;
				GCC_PREPROCESSOR_DEFINITIONS = (
					"DEBUG=1",
					"$(inherited)",
				);
				GCC_WARN_64_TO_32_BIT_CONVERSION = YES;
				GCC_WARN_ABOUT_RETURN_TYPE = YES_ERROR;
				GCC_WARN_UNDECLARED_SELECTOR = YES;
				GCC_WARN_UNINITIALIZED_AUTOS = YES_AGGRESSIVE;
				GCC_WARN_UNUSED_FUNCTION = YES;
				GCC_WARN_UNUSED_VARIABLE = YES;
				IPHONEOS_DEPLOYMENT_TARGET = 10.0;
				MTL_ENABLE_DEBUG_INFO = YES;
				ONLY_ACTIVE_ARCH = YES;
				SDKROOT = iphoneos;
				SWIFT_ACTIVE_COMPILATION_CONDITIONS = DEBUG;
				SWIFT_OPTIMIZATION_LEVEL = "-Onone";
				TARGETED_DEVICE_FAMILY = "1,2";
			};
			name = Debug;
		};
		906B93EA1E590B1000E2D1E2 /* Release */ = {
			isa = XCBuildConfiguration;
			buildSettings = {
				ALWAYS_SEARCH_USER_PATHS = NO;
				CLANG_ANALYZER_NONNULL = YES;
				CLANG_CXX_LANGUAGE_STANDARD = "gnu++0x";
				CLANG_CXX_LIBRARY = "libc++";
				CLANG_ENABLE_MODULES = YES;
				CLANG_ENABLE_OBJC_ARC = YES;
				CLANG_WARN_BOOL_CONVERSION = YES;
				CLANG_WARN_CONSTANT_CONVERSION = YES;
				CLANG_WARN_DIRECT_OBJC_ISA_USAGE = YES_ERROR;
				CLANG_WARN_DOCUMENTATION_COMMENTS = YES;
				CLANG_WARN_EMPTY_BODY = YES;
				CLANG_WARN_ENUM_CONVERSION = YES;
				CLANG_WARN_INFINITE_RECURSION = YES;
				CLANG_WARN_INT_CONVERSION = YES;
				CLANG_WARN_OBJC_ROOT_CLASS = YES_ERROR;
				CLANG_WARN_SUSPICIOUS_MOVE = YES;
				CLANG_WARN_SUSPICIOUS_MOVES = YES;
				CLANG_WARN_UNREACHABLE_CODE = YES;
				CLANG_WARN__DUPLICATE_METHOD_MATCH = YES;
				"CODE_SIGN_IDENTITY[sdk=iphoneos*]" = "iPhone Developer";
				COPY_PHASE_STRIP = NO;
				DEBUG_INFORMATION_FORMAT = "dwarf-with-dsym";
				ENABLE_NS_ASSERTIONS = NO;
				ENABLE_STRICT_OBJC_MSGSEND = YES;
				GCC_C_LANGUAGE_STANDARD = gnu99;
				GCC_NO_COMMON_BLOCKS = YES;
				GCC_WARN_64_TO_32_BIT_CONVERSION = YES;
				GCC_WARN_ABOUT_RETURN_TYPE = YES_ERROR;
				GCC_WARN_UNDECLARED_SELECTOR = YES;
				GCC_WARN_UNINITIALIZED_AUTOS = YES_AGGRESSIVE;
				GCC_WARN_UNUSED_FUNCTION = YES;
				GCC_WARN_UNUSED_VARIABLE = YES;
				IPHONEOS_DEPLOYMENT_TARGET = 10.0;
				MTL_ENABLE_DEBUG_INFO = NO;
				SDKROOT = iphoneos;
				SWIFT_OPTIMIZATION_LEVEL = "-Owholemodule";
				TARGETED_DEVICE_FAMILY = "1,2";
				VALIDATE_PRODUCT = YES;
			};
			name = Release;
		};
		906B93EC1E590B1000E2D1E2 /* Debug */ = {
			isa = XCBuildConfiguration;
			baseConfigurationReference = 8B85626851EDA323CED6EAFE /* Pods-iWatchman.debug.xcconfig */;
			buildSettings = {
				ASSETCATALOG_COMPILER_APPICON_NAME = AppIcon;
				ASSETCATALOG_COMPILER_LAUNCHIMAGE_NAME = LaunchImage;
				CODE_SIGN_ENTITLEMENTS = iWatchman/iWatchman.entitlements;
				DEVELOPMENT_TEAM = "";
				FRAMEWORK_SEARCH_PATHS = (
					"$(inherited)",
					"$(PROJECT_DIR)",
				);
				INFOPLIST_FILE = iWatchman/Info.plist;
				IPHONEOS_DEPLOYMENT_TARGET = 10.0;
				LD_RUNPATH_SEARCH_PATHS = "$(inherited) @executable_path/Frameworks";
				PRODUCT_BUNDLE_IDENTIFIER = co.tejasd.iWatchman;
				PRODUCT_NAME = "$(TARGET_NAME)";
				SWIFT_VERSION = 3.0;
			};
			name = Debug;
		};
		906B93ED1E590B1000E2D1E2 /* Release */ = {
			isa = XCBuildConfiguration;
			baseConfigurationReference = B6310036111FA58F46B09AB1 /* Pods-iWatchman.release.xcconfig */;
			buildSettings = {
				ASSETCATALOG_COMPILER_APPICON_NAME = AppIcon;
				ASSETCATALOG_COMPILER_LAUNCHIMAGE_NAME = LaunchImage;
				CODE_SIGN_ENTITLEMENTS = iWatchman/iWatchman.entitlements;
				DEVELOPMENT_TEAM = "";
				FRAMEWORK_SEARCH_PATHS = (
					"$(inherited)",
					"$(PROJECT_DIR)",
				);
				INFOPLIST_FILE = iWatchman/Info.plist;
				IPHONEOS_DEPLOYMENT_TARGET = 10.0;
				LD_RUNPATH_SEARCH_PATHS = "$(inherited) @executable_path/Frameworks";
				PRODUCT_BUNDLE_IDENTIFIER = co.tejasd.iWatchman;
				PRODUCT_NAME = "$(TARGET_NAME)";
				SWIFT_VERSION = 3.0;
			};
			name = Release;
		};
		906B93EF1E590B1000E2D1E2 /* Debug */ = {
			isa = XCBuildConfiguration;
			baseConfigurationReference = 306606AE396ADDADA692926F /* Pods-iWatchmanTests.debug.xcconfig */;
			buildSettings = {
				ALWAYS_EMBED_SWIFT_STANDARD_LIBRARIES = YES;
				BUNDLE_LOADER = "$(TEST_HOST)";
				DEVELOPMENT_TEAM = LLVD2YCLN9;
				INFOPLIST_FILE = iWatchmanTests/Info.plist;
				LD_RUNPATH_SEARCH_PATHS = "$(inherited) @executable_path/Frameworks @loader_path/Frameworks";
				PRODUCT_BUNDLE_IDENTIFIER = co.tejasd.iWatchmanTests;
				PRODUCT_NAME = "$(TARGET_NAME)";
				SWIFT_VERSION = 3.0;
				TEST_HOST = "$(BUILT_PRODUCTS_DIR)/iWatchman.app/iWatchman";
			};
			name = Debug;
		};
		906B93F01E590B1000E2D1E2 /* Release */ = {
			isa = XCBuildConfiguration;
			baseConfigurationReference = 1B857B4B1050AF0A6528C403 /* Pods-iWatchmanTests.release.xcconfig */;
			buildSettings = {
				ALWAYS_EMBED_SWIFT_STANDARD_LIBRARIES = YES;
				BUNDLE_LOADER = "$(TEST_HOST)";
				DEVELOPMENT_TEAM = LLVD2YCLN9;
				INFOPLIST_FILE = iWatchmanTests/Info.plist;
				LD_RUNPATH_SEARCH_PATHS = "$(inherited) @executable_path/Frameworks @loader_path/Frameworks";
				PRODUCT_BUNDLE_IDENTIFIER = co.tejasd.iWatchmanTests;
				PRODUCT_NAME = "$(TARGET_NAME)";
				SWIFT_VERSION = 3.0;
				TEST_HOST = "$(BUILT_PRODUCTS_DIR)/iWatchman.app/iWatchman";
			};
			name = Release;
		};
		906B93F21E590B1000E2D1E2 /* Debug */ = {
			isa = XCBuildConfiguration;
			baseConfigurationReference = 8AE432471FEE1EA30E74C6BD /* Pods-iWatchmanUITests.debug.xcconfig */;
			buildSettings = {
				ALWAYS_EMBED_SWIFT_STANDARD_LIBRARIES = YES;
				DEVELOPMENT_TEAM = LLVD2YCLN9;
				INFOPLIST_FILE = iWatchmanUITests/Info.plist;
				LD_RUNPATH_SEARCH_PATHS = "$(inherited) @executable_path/Frameworks @loader_path/Frameworks";
				PRODUCT_BUNDLE_IDENTIFIER = co.tejasd.iWatchmanUITests;
				PRODUCT_NAME = "$(TARGET_NAME)";
				SWIFT_VERSION = 3.0;
				TEST_TARGET_NAME = iWatchman;
			};
			name = Debug;
		};
		906B93F31E590B1000E2D1E2 /* Release */ = {
			isa = XCBuildConfiguration;
			baseConfigurationReference = C049B55F7D2886EBEC4E5B4B /* Pods-iWatchmanUITests.release.xcconfig */;
			buildSettings = {
				ALWAYS_EMBED_SWIFT_STANDARD_LIBRARIES = YES;
				DEVELOPMENT_TEAM = LLVD2YCLN9;
				INFOPLIST_FILE = iWatchmanUITests/Info.plist;
				LD_RUNPATH_SEARCH_PATHS = "$(inherited) @executable_path/Frameworks @loader_path/Frameworks";
				PRODUCT_BUNDLE_IDENTIFIER = co.tejasd.iWatchmanUITests;
				PRODUCT_NAME = "$(TARGET_NAME)";
				SWIFT_VERSION = 3.0;
				TEST_TARGET_NAME = iWatchman;
			};
			name = Release;
		};
/* End XCBuildConfiguration section */

/* Begin XCConfigurationList section */
		906B93BE1E590B1000E2D1E2 /* Build configuration list for PBXProject "iWatchman" */ = {
			isa = XCConfigurationList;
			buildConfigurations = (
				906B93E91E590B1000E2D1E2 /* Debug */,
				906B93EA1E590B1000E2D1E2 /* Release */,
			);
			defaultConfigurationIsVisible = 0;
			defaultConfigurationName = Release;
		};
		906B93EB1E590B1000E2D1E2 /* Build configuration list for PBXNativeTarget "iWatchman" */ = {
			isa = XCConfigurationList;
			buildConfigurations = (
				906B93EC1E590B1000E2D1E2 /* Debug */,
				906B93ED1E590B1000E2D1E2 /* Release */,
			);
			defaultConfigurationIsVisible = 0;
			defaultConfigurationName = Release;
		};
		906B93EE1E590B1000E2D1E2 /* Build configuration list for PBXNativeTarget "iWatchmanTests" */ = {
			isa = XCConfigurationList;
			buildConfigurations = (
				906B93EF1E590B1000E2D1E2 /* Debug */,
				906B93F01E590B1000E2D1E2 /* Release */,
			);
			defaultConfigurationIsVisible = 0;
			defaultConfigurationName = Release;
		};
		906B93F11E590B1000E2D1E2 /* Build configuration list for PBXNativeTarget "iWatchmanUITests" */ = {
			isa = XCConfigurationList;
			buildConfigurations = (
				906B93F21E590B1000E2D1E2 /* Debug */,
				906B93F31E590B1000E2D1E2 /* Release */,
			);
			defaultConfigurationIsVisible = 0;
			defaultConfigurationName = Release;
		};
/* End XCConfigurationList section */
	};
	rootObject = 906B93BB1E590B1000E2D1E2 /* Project object */;
}
